<?xml version="1.0" encoding="utf-8"?>
<Project ToolsVersion="4.0" xmlns="http://schemas.microsoft.com/developer/msbuild/2003">
  <ItemGroup>
    <ClCompile Include="Entity.cpp" />
    <ClCompile Include="Game.cpp" />
    <ClCompile Include="ManagerOffsets.cpp" />
    <ClCompile Include="ManagerProcess.cpp" />
    <ClCompile Include="ManagerSignatures.cpp" />
    <ClCompile Include="Offsets.cpp" />
    <ClCompile Include="pch.cpp" />
    <ClCompile Include="PlayerController.cpp" />
    <ClCompile Include="PlayerPawn.cpp" />
    <ClCompile Include="Signatures.cpp" />
    <ClCompile Include="Vector.cpp" />
    <ClCompile Include="Main.cpp" />
  </ItemGroup>
  <ItemGroup>
    <ClInclude Include="Entity.h" />
    <ClInclude Include="Game.h" />
    <ClInclude Include="ManagerOffsets.h" />
    <ClInclude Include="ManagerProcess.h" />
    <ClInclude Include="ManagerSignatures.h" />
    <ClInclude Include="Offsets.h" />
    <ClInclude Include="pch.h" />
    <ClInclude Include="PlayerController.h" />
    <ClInclude Include="PlayerPawn.h" />
    <ClInclude Include="Signatures.h" />
    <ClInclude Include="Vector.h" />
  </ItemGroup>
</Project>