<?xml version="1.0" encoding="utf-8"?>
<Project ToolsVersion="4.0" xmlns="http://schemas.microsoft.com/developer/msbuild/2003">
  <ItemGroup>
    <ClCompile Include="Entity.cpp" />
    <ClCompile Include="Game.cpp" />
    <ClCompile Include="Offsets.cpp" />
    <ClCompile Include="pch.cpp" />
    <ClCompile Include="PlayerController.cpp" />
    <ClCompile Include="PlayerPawn.cpp" />
    <ClCompile Include="Vector.cpp" />
    <ClCompile Include="Main.cpp" />
    <ClCompile Include="ManagerOffsets.cpp">
      <Filter>Manager</Filter>
    </ClCompile>
    <ClCompile Include="ManagerProcess.cpp">
      <Filter>Manager</Filter>
    </ClCompile>
    <ClCompile Include="ManagerSignatures.cpp">
      <Filter>Manager</Filter>
    </ClCompile>
    <ClCompile Include="Signatures.cpp" />
  </ItemGroup>
  <ItemGroup>
    <ClInclude Include="Entity.h" />
    <ClInclude Include="Game.h" />
    <ClInclude Include="Offsets.h" />
    <ClInclude Include="pch.h" />
    <ClInclude Include="PlayerController.h" />
    <ClInclude Include="PlayerPawn.h" />
    <ClInclude Include="Vector.h" />
    <ClInclude Include="ManagerSignatures.h">
      <Filter>Manager</Filter>
    </ClInclude>
    <ClInclude Include="ManagerOffsets.h">
      <Filter>Manager</Filter>
    </ClInclude>
    <ClInclude Include="ManagerProcess.h">
      <Filter>Manager</Filter>
    </ClInclude>
    <ClInclude Include="Signatures.h" />
  </ItemGroup>
  <ItemGroup>
    <Filter Include="Manager">
      <UniqueIdentifier>{fbd9398f-4828-451b-aae8-36e4fff53a92}</UniqueIdentifier>
    </Filter>
  </ItemGroup>
</Project>