<?xml version="1.0" encoding="utf-8"?>
<Project ToolsVersion="4.0" xmlns="http://schemas.microsoft.com/developer/msbuild/2003">
  <ItemGroup>
    <ClCompile Include="pch.cpp" />
    <ClCompile Include="Main.cpp" />
    <ClCompile Include="Context.cpp" />
    <ClCompile Include="Entity\EntityLocal.cpp" />
    <ClCompile Include="Entity\Entity.cpp" />
    <ClCompile Include="Manager\ManagerScripts.cpp" />
    <ClCompile Include="Script\ScriptRadar.cpp" />
    <ClCompile Include="Script\ScriptBhop.cpp" />
    <ClCompile Include="Script\ScriptAntiFB.cpp" />
    <ClCompile Include="Script\IScript.cpp" />
    <ClCompile Include="Manager\ManagerGame.cpp" />
    <ClCompile Include="Manager\IManager.cpp" />
    <ClCompile Include="Manager\ManagerOffsets.cpp" />
    <ClCompile Include="Manager\ManagerProcess.cpp" />
    <ClCompile Include="Manager\ManagerSignatures.cpp" />
    <ClCompile Include="Utility\Offsets.cpp" />
    <ClCompile Include="Entity\Controller.cpp" />
    <ClCompile Include="Entity\Pawn.cpp" />
    <ClCompile Include="Utility\Signatures.cpp" />
    <ClCompile Include="Utility\Types.cpp" />
    <ClCompile Include="Script\ScriptTriggerbot.cpp" />
  </ItemGroup>
  <ItemGroup>
    <ClInclude Include="pch.h" />
    <ClInclude Include="Context.h" />
    <ClInclude Include="Entity\EntityLocal.h" />
    <ClInclude Include="Entity\Entity.h" />
    <ClInclude Include="Manager\ManagerScripts.h" />
    <ClInclude Include="Script\ScriptRadar.h" />
    <ClInclude Include="Script\ScriptBhop.h" />
    <ClInclude Include="Script\ScriptAntiFB.h" />
    <ClInclude Include="Script\IScript.h" />
    <ClInclude Include="Manager\ManagerGame.h" />
    <ClInclude Include="Manager\IManager.h" />
    <ClInclude Include="Manager\ManagerOffsets.h" />
    <ClInclude Include="Manager\ManagerProcess.h" />
    <ClInclude Include="Manager\ManagerSignatures.h" />
    <ClInclude Include="Utility\Offsets.h" />
    <ClInclude Include="Entity\Controller.h" />
    <ClInclude Include="Entity\Pawn.h" />
    <ClInclude Include="Utility\Signatures.h" />
    <ClInclude Include="Utility\Types.h" />
    <ClInclude Include="Script\ScriptTriggerbot.h" />
  </ItemGroup>
  <ItemGroup>
    <Filter Include="Manager">
      <UniqueIdentifier>{fbd9398f-4828-451b-aae8-36e4fff53a92}</UniqueIdentifier>
    </Filter>
    <Filter Include="Utility">
      <UniqueIdentifier>{db91e6bb-b627-4551-9fd8-9dbc925320f5}</UniqueIdentifier>
    </Filter>
    <Filter Include="Entity">
      <UniqueIdentifier>{8f4c7d5c-5c74-4e07-8e44-313bb1504b6a}</UniqueIdentifier>
    </Filter>
  </ItemGroup>
</Project>